{
  "originHash" : "b9b9bb158004bf007a3029927116953fe619f5e2dafb129e0577a3c7c177e38b",
  "pins" : [
    {
      "identity" : "clerk-ios",
      "kind" : "remoteSourceControl",
      "location" : "https://github.com/Yash-Singh1/clerk-ios.git",
      "state" : {
        "revision" : "fa88aa4a22229c904db0fb1fd3f700989e42cf46"
      }
    }
  ],
  "version" : 3
}
